
Microsoft Visual Studio Solution File, Format Version 12.00
# Visual Studio Version 17
VisualStudioVersion = 17.8.34330.188
MinimumVisualStudioVersion = 10.0.40219.1
Project("{FAE04EC0-301F-11D3-BF4B-00C04F79EFBC}") = "eTickets", "eTickets\eTickets.csproj", "{EF522983-0479-49FA-B592-76AACDC9A91E}"
EndProject
Global
	GlobalSection(SolutionConfigurationPlatforms) = preSolution
		Debug|Any CPU = Debug|Any CPU
		Release|Any CPU = Release|Any CPU
	EndGlobalSection
	GlobalSection(ProjectConfigurationPlatforms) = postSolution
		{EF522983-0479-49FA-B592-76AACDC9A91E}.Debug|Any CPU.ActiveCfg = Debug|Any CPU
		{EF522983-0479-49FA-B592-76AACDC9A91E}.Debug|Any CPU.Build.0 = Debug|Any CPU
		{EF522983-0479-49FA-B592-76AACDC9A91E}.Release|Any CPU.ActiveCfg = Release|Any CPU
		{EF522983-0479-49FA-B592-76AACDC9A91E}.Release|Any CPU.Build.0 = Release|Any CPU
	EndGlobalSection
	GlobalSection(SolutionProperties) = preSolution
		HideSolutionNode = FALSE
	EndGlobalSection
	GlobalSection(ExtensibilityGlobals) = postSolution
		SolutionGuid = {F7F8E384-A0F5-4B47-B129-8A8B9D5BDC18}
	EndGlobalSection
EndGlobal
