
Microsoft Visual Studio Solution File, Format Version 12.00
# Visual Studio Version 17
VisualStudioVersion = 17.5.002.0
MinimumVisualStudioVersion = 10.0.40219.1
Project("{9A19103F-16F7-4668-BE54-9A1E7A4F7556}") = "eTickets", "eTickets.csproj", "{D7BA48EC-1476-4CAD-911E-22C27A60777D}"
EndProject
Global
	GlobalSection(SolutionConfigurationPlatforms) = preSolution
		Debug|Any CPU = Debug|Any CPU
		Release|Any CPU = Release|Any CPU
	EndGlobalSection
	GlobalSection(ProjectConfigurationPlatforms) = postSolution
		{D7BA48EC-1476-4CAD-911E-22C27A60777D}.Debug|Any CPU.ActiveCfg = Debug|Any CPU
		{D7BA48EC-1476-4CAD-911E-22C27A60777D}.Debug|Any CPU.Build.0 = Debug|Any CPU
		{D7BA48EC-1476-4CAD-911E-22C27A60777D}.Release|Any CPU.ActiveCfg = Release|Any CPU
		{D7BA48EC-1476-4CAD-911E-22C27A60777D}.Release|Any CPU.Build.0 = Release|Any CPU
	EndGlobalSection
	GlobalSection(SolutionProperties) = preSolution
		HideSolutionNode = FALSE
	EndGlobalSection
	GlobalSection(ExtensibilityGlobals) = postSolution
		SolutionGuid = {510099A3-37E5-43C6-A947-9242DA987F16}
	EndGlobalSection
EndGlobal
